{
  "name": "test-universal-agent",
  "version": "1.0.0",
  "lockfileVersion": 3,
  "requires": true,
  "packages": {
    "": {
      "name": "test-universal-agent",
      "version": "1.0.0",
      "dependencies": {
        "universal-agent-sdk": "file:../universal-agent-sdk"
      }
    },
    "../universal-agent-sdk": {
      "version": "1.0.0",
      "license": "MIT",
      "devDependencies": {
        "@rollup/plugin-commonjs": "^29.0.0",
        "@rollup/plugin-node-resolve": "^16.0.3",
        "@rollup/plugin-terser": "^0.4.4",
        "@rollup/plugin-typescript": "^12.3.0",
        "@types/jest": "^30.0.0",
        "@types/node": "^20.0.0",
        "@typescript-eslint/eslint-plugin": "^6.0.0",
        "@typescript-eslint/parser": "^6.0.0",
        "eslint": "^8.0.0",
        "jest": "^29.7.0",
        "rollup": "^3.29.5",
        "rollup-plugin-typescript2": "^0.35.0",
        "ts-jest": "^29.4.6",
        "tslib": "^2.8.1",
        "typedoc": "^0.25.0",
        "typescript": "^5.4.5"
      }
    },
    "node_modules/universal-agent-sdk": {
      "resolved": "../universal-agent-sdk",
      "link": true
    }
  }
}
